// !$*UTF8*$!
{
	archiveVersion = 1;
	classes = {
	};
	objectVersion = 56;
	objects = {

/* Begin PBXBuildFile section */
		4690B72B2A96C64400C3086C /* AppDelegate.swift in Sources */ = {isa = PBXBuildFile; fileRef = 4690B72A2A96C64400C3086C /* AppDelegate.swift */; };
		4690B72D2A96C64400C3086C /* SceneDelegate.swift in Sources */ = {isa = PBXBuildFile; fileRef = 4690B72C2A96C64400C3086C /* SceneDelegate.swift */; };
		4690B72F2A96C64400C3086C /* StationSearchViewController.swift in Sources */ = {isa = PBXBuildFile; fileRef = 4690B72E2A96C64400C3086C /* StationSearchViewController.swift */; };
		4690B7342A96C64500C3086C /* Assets.xcassets in Resources */ = {isa = PBXBuildFile; fileRef = 4690B7332A96C64500C3086C /* Assets.xcassets */; };
		4690B7372A96C64600C3086C /* LaunchScreen.storyboard in Resources */ = {isa = PBXBuildFile; fileRef = 4690B7352A96C64600C3086C /* LaunchScreen.storyboard */; };
		4690B7402A96D8E500C3086C /* SnapKit in Frameworks */ = {isa = PBXBuildFile; productRef = 4690B73F2A96D8E500C3086C /* SnapKit */; };
		4690B7432A96D8F400C3086C /* Alamofire in Frameworks */ = {isa = PBXBuildFile; productRef = 4690B7422A96D8F400C3086C /* Alamofire */; };
		4690B7452A96D90F00C3086C /* StationDetailViewController.swift in Sources */ = {isa = PBXBuildFile; fileRef = 4690B7442A96D90F00C3086C /* StationDetailViewController.swift */; };
		4690B7472A96D93A00C3086C /* StationDetailCollectionViewCell.swift in Sources */ = {isa = PBXBuildFile; fileRef = 4690B7462A96D93A00C3086C /* StationDetailCollectionViewCell.swift */; };
		4690B74A2A96D97500C3086C /* StationResponseModel.swift in Sources */ = {isa = PBXBuildFile; fileRef = 4690B7492A96D97500C3086C /* StationResponseModel.swift */; };
		46D489B12A96DA1C00C19F77 /* StationArrivalDataResponseModel.swift in Sources */ = {isa = PBXBuildFile; fileRef = 46D489B02A96DA1C00C19F77 /* StationArrivalDataResponseModel.swift */; };
/* End PBXBuildFile section */

/* Begin PBXFileReference section */
		4690B7272A96C64400C3086C /* 지하철 도착 정보 앱.app */ = {isa = PBXFileReference; explicitFileType = wrapper.application; includeInIndex = 0; path = "지하철 도착 정보 앱.app"; sourceTree = BUILT_PRODUCTS_DIR; };
		4690B72A2A96C64400C3086C /* AppDelegate.swift */ = {isa = PBXFileReference; lastKnownFileType = sourcecode.swift; path = AppDelegate.swift; sourceTree = "<group>"; };
		4690B72C2A96C64400C3086C /* SceneDelegate.swift */ = {isa = PBXFileReference; lastKnownFileType = sourcecode.swift; path = SceneDelegate.swift; sourceTree = "<group>"; };
		4690B72E2A96C64400C3086C /* StationSearchViewController.swift */ = {isa = PBXFileReference; lastKnownFileType = sourcecode.swift; path = StationSearchViewController.swift; sourceTree = "<group>"; };
		4690B7332A96C64500C3086C /* Assets.xcassets */ = {isa = PBXFileReference; lastKnownFileType = folder.assetcatalog; path = Assets.xcassets; sourceTree = "<group>"; };
		4690B7362A96C64600C3086C /* Base */ = {isa = PBXFileReference; lastKnownFileType = file.storyboard; name = Base; path = Base.lproj/LaunchScreen.storyboard; sourceTree = "<group>"; };
		4690B7382A96C64600C3086C /* Info.plist */ = {isa = PBXFileReference; lastKnownFileType = text.plist.xml; path = Info.plist; sourceTree = "<group>"; };
		4690B7442A96D90F00C3086C /* StationDetailViewController.swift */ = {isa = PBXFileReference; lastKnownFileType = sourcecode.swift; path = StationDetailViewController.swift; sourceTree = "<group>"; };
		4690B7462A96D93A00C3086C /* StationDetailCollectionViewCell.swift */ = {isa = PBXFileReference; lastKnownFileType = sourcecode.swift; path = StationDetailCollectionViewCell.swift; sourceTree = "<group>"; };
		4690B7492A96D97500C3086C /* StationResponseModel.swift */ = {isa = PBXFileReference; lastKnownFileType = sourcecode.swift; path = StationResponseModel.swift; sourceTree = "<group>"; };
		46D489B02A96DA1C00C19F77 /* StationArrivalDataResponseModel.swift */ = {isa = PBXFileReference; lastKnownFileType = sourcecode.swift; path = StationArrivalDataResponseModel.swift; sourceTree = "<group>"; };
/* End PBXFileReference section */

/* Begin PBXFrameworksBuildPhase section */
		4690B7242A96C64400C3086C /* Frameworks */ = {
			isa = PBXFrameworksBuildPhase;
			buildActionMask = 2147483647;
			files = (
				4690B7402A96D8E500C3086C /* SnapKit in Frameworks */,
				4690B7432A96D8F400C3086C /* Alamofire in Frameworks */,
			);
			runOnlyForDeploymentPostprocessing = 0;
		};
/* End PBXFrameworksBuildPhase section */

/* Begin PBXGroup section */
		4690B71E2A96C64400C3086C = {
			isa = PBXGroup;
			children = (
				4690B7292A96C64400C3086C /* 지하철 도착 정보 앱 */,
				4690B7282A96C64400C3086C /* Products */,
			);
			sourceTree = "<group>";
		};
		4690B7282A96C64400C3086C /* Products */ = {
			isa = PBXGroup;
			children = (
				4690B7272A96C64400C3086C /* 지하철 도착 정보 앱.app */,
			);
			name = Products;
			sourceTree = "<group>";
		};
		4690B7292A96C64400C3086C /* 지하철 도착 정보 앱 */ = {
			isa = PBXGroup;
			children = (
				4690B74D2A96D9BA00C3086C /* Model */,
				4690B7482A96D96100C3086C /* Scene */,
				4690B7332A96C64500C3086C /* Assets.xcassets */,
				4690B7352A96C64600C3086C /* LaunchScreen.storyboard */,
				4690B7382A96C64600C3086C /* Info.plist */,
				4690B72A2A96C64400C3086C /* AppDelegate.swift */,
				4690B72C2A96C64400C3086C /* SceneDelegate.swift */,
			);
			path = "지하철 도착 정보 앱";
			sourceTree = "<group>";
		};
		4690B7482A96D96100C3086C /* Scene */ = {
			isa = PBXGroup;
			children = (
				4690B72E2A96C64400C3086C /* StationSearchViewController.swift */,
				4690B7462A96D93A00C3086C /* StationDetailCollectionViewCell.swift */,
				4690B7442A96D90F00C3086C /* StationDetailViewController.swift */,
			);
			path = Scene;
			sourceTree = "<group>";
		};
		4690B74D2A96D9BA00C3086C /* Model */ = {
			isa = PBXGroup;
			children = (
				4690B7492A96D97500C3086C /* StationResponseModel.swift */,
				46D489B02A96DA1C00C19F77 /* StationArrivalDataResponseModel.swift */,
			);
			path = Model;
			sourceTree = "<group>";
		};
/* End PBXGroup section */

/* Begin PBXNativeTarget section */
		4690B7262A96C64400C3086C /* 지하철 도착 정보 앱 */ = {
			isa = PBXNativeTarget;
			buildConfigurationList = 4690B73B2A96C64600C3086C /* Build configuration list for PBXNativeTarget "지하철 도착 정보 앱" */;
			buildPhases = (
				4690B7232A96C64400C3086C /* Sources */,
				4690B7242A96C64400C3086C /* Frameworks */,
				4690B7252A96C64400C3086C /* Resources */,
			);
			buildRules = (
			);
			dependencies = (
			);
			name = "지하철 도착 정보 앱";
			packageProductDependencies = (
				4690B73F2A96D8E500C3086C /* SnapKit */,
				4690B7422A96D8F400C3086C /* Alamofire */,
			);
			productName = "지하철 도착 정보 앱";
			productReference = 4690B7272A96C64400C3086C /* 지하철 도착 정보 앱.app */;
			productType = "com.apple.product-type.application";
		};
/* End PBXNativeTarget section */

/* Begin PBXProject section */
		4690B71F2A96C64400C3086C /* Project object */ = {
			isa = PBXProject;
			attributes = {
				BuildIndependentTargetsInParallel = 1;
				LastSwiftUpdateCheck = 1430;
				LastUpgradeCheck = 1430;
				TargetAttributes = {
					4690B7262A96C64400C3086C = {
						CreatedOnToolsVersion = 14.3.1;
					};
				};
			};
			buildConfigurationList = 4690B7222A96C64400C3086C /* Build configuration list for PBXProject "지하철 도착 정보 앱" */;
			compatibilityVersion = "Xcode 14.0";
			developmentRegion = en;
			hasScannedForEncodings = 0;
			knownRegions = (
				en,
				Base,
			);
			mainGroup = 4690B71E2A96C64400C3086C;
			packageReferences = (
				4690B73E2A96D8E500C3086C /* XCRemoteSwiftPackageReference "SnapKit" */,
				4690B7412A96D8F400C3086C /* XCRemoteSwiftPackageReference "Alamofire" */,
			);
			productRefGroup = 4690B7282A96C64400C3086C /* Products */;
			projectDirPath = "";
			projectRoot = "";
			targets = (
				4690B7262A96C64400C3086C /* 지하철 도착 정보 앱 */,
			);
		};
/* End PBXProject section */

/* Begin PBXResourcesBuildPhase section */
		4690B7252A96C64400C3086C /* Resources */ = {
			isa = PBXResourcesBuildPhase;
			buildActionMask = 2147483647;
			files = (
				4690B7372A96C64600C3086C /* LaunchScreen.storyboard in Resources */,
				4690B7342A96C64500C3086C /* Assets.xcassets in Resources */,
			);
			runOnlyForDeploymentPostprocessing = 0;
		};
/* End PBXResourcesBuildPhase section */

/* Begin PBXSourcesBuildPhase section */
		4690B7232A96C64400C3086C /* Sources */ = {
			isa = PBXSourcesBuildPhase;
			buildActionMask = 2147483647;
			files = (
				4690B7452A96D90F00C3086C /* StationDetailViewController.swift in Sources */,
				4690B74A2A96D97500C3086C /* StationResponseModel.swift in Sources */,
				4690B72F2A96C64400C3086C /* StationSearchViewController.swift in Sources */,
				4690B72B2A96C64400C3086C /* AppDelegate.swift in Sources */,
				46D489B12A96DA1C00C19F77 /* StationArrivalDataResponseModel.swift in Sources */,
				4690B7472A96D93A00C3086C /* StationDetailCollectionViewCell.swift in Sources */,
				4690B72D2A96C64400C3086C /* SceneDelegate.swift in Sources */,
			);
			runOnlyForDeploymentPostprocessing = 0;
		};
/* End PBXSourcesBuildPhase section */

/* Begin PBXVariantGroup section */
		4690B7352A96C64600C3086C /* LaunchScreen.storyboard */ = {
			isa = PBXVariantGroup;
			children = (
				4690B7362A96C64600C3086C /* Base */,
			);
			name = LaunchScreen.storyboard;
			sourceTree = "<group>";
		};
/* End PBXVariantGroup section */

/* Begin XCBuildConfiguration section */
		4690B7392A96C64600C3086C /* Debug */ = {
			isa = XCBuildConfiguration;
			buildSettings = {
				ALWAYS_SEARCH_USER_PATHS = NO;
				CLANG_ANALYZER_NONNULL = YES;
				CLANG_ANALYZER_NUMBER_OBJECT_CONVERSION = YES_AGGRESSIVE;
				CLANG_CXX_LANGUAGE_STANDARD = "gnu++20";
				CLANG_ENABLE_MODULES = YES;
				CLANG_ENABLE_OBJC_ARC = YES;
				CLANG_ENABLE_OBJC_WEAK = YES;
				CLANG_WARN_BLOCK_CAPTURE_AUTORELEASING = YES;
				CLANG_WARN_BOOL_CONVERSION = YES;
				CLANG_WARN_COMMA = YES;
				CLANG_WARN_CONSTANT_CONVERSION = YES;
				CLANG_WARN_DEPRECATED_OBJC_IMPLEMENTATIONS = YES;
				CLANG_WARN_DIRECT_OBJC_ISA_USAGE = YES_ERROR;
				CLANG_WARN_DOCUMENTATION_COMMENTS = YES;
				CLANG_WARN_EMPTY_BODY = YES;
				CLANG_WARN_ENUM_CONVERSION = YES;
				CLANG_WARN_INFINITE_RECURSION = YES;
				CLANG_WARN_INT_CONVERSION = YES;
				CLANG_WARN_NON_LITERAL_NULL_CONVERSION = YES;
				CLANG_WARN_OBJC_IMPLICIT_RETAIN_SELF = YES;
				CLANG_WARN_OBJC_LITERAL_CONVERSION = YES;
				CLANG_WARN_OBJC_ROOT_CLASS = YES_ERROR;
				CLANG_WARN_QUOTED_INCLUDE_IN_FRAMEWORK_HEADER = YES;
				CLANG_WARN_RANGE_LOOP_ANALYSIS = YES;
				CLANG_WARN_STRICT_PROTOTYPES = YES;
				CLANG_WARN_SUSPICIOUS_MOVE = YES;
				CLANG_WARN_UNGUARDED_AVAILABILITY = YES_AGGRESSIVE;
				CLANG_WARN_UNREACHABLE_CODE = YES;
				CLANG_WARN__DUPLICATE_METHOD_MATCH = YES;
				COPY_PHASE_STRIP = NO;
				DEBUG_INFORMATION_FORMAT = dwarf;
				ENABLE_STRICT_OBJC_MSGSEND = YES;
				ENABLE_TESTABILITY = YES;
				GCC_C_LANGUAGE_STANDARD = gnu11;
				GCC_DYNAMIC_NO_PIC = NO;
				GCC_NO_COMMON_BLOCKS = YES;
				GCC_OPTIMIZATION_LEVEL = 0;
				GCC_PREPROCESSOR_DEFINITIONS = (
					"DEBUG=1",
					"$(inherited)",
				);
				GCC_WARN_64_TO_32_BIT_CONVERSION = YES;
				GCC_WARN_ABOUT_RETURN_TYPE = YES_ERROR;
				GCC_WARN_UNDECLARED_SELECTOR = YES;
				GCC_WARN_UNINITIALIZED_AUTOS = YES_AGGRESSIVE;
				GCC_WARN_UNUSED_FUNCTION = YES;
				GCC_WARN_UNUSED_VARIABLE = YES;
				IPHONEOS_DEPLOYMENT_TARGET = 16.4;
				MTL_ENABLE_DEBUG_INFO = INCLUDE_SOURCE;
				MTL_FAST_MATH = YES;
				ONLY_ACTIVE_ARCH = YES;
				SDKROOT = iphoneos;
				SWIFT_ACTIVE_COMPILATION_CONDITIONS = DEBUG;
				SWIFT_OPTIMIZATION_LEVEL = "-Onone";
			};
			name = Debug;
		};
		4690B73A2A96C64600C3086C /* Release */ = {
			isa = XCBuildConfiguration;
			buildSettings = {
				ALWAYS_SEARCH_USER_PATHS = NO;
				CLANG_ANALYZER_NONNULL = YES;
				CLANG_ANALYZER_NUMBER_OBJECT_CONVERSION = YES_AGGRESSIVE;
				CLANG_CXX_LANGUAGE_STANDARD = "gnu++20";
				CLANG_ENABLE_MODULES = YES;
				CLANG_ENABLE_OBJC_ARC = YES;
				CLANG_ENABLE_OBJC_WEAK = YES;
				CLANG_WARN_BLOCK_CAPTURE_AUTORELEASING = YES;
				CLANG_WARN_BOOL_CONVERSION = YES;
				CLANG_WARN_COMMA = YES;
				CLANG_WARN_CONSTANT_CONVERSION = YES;
				CLANG_WARN_DEPRECATED_OBJC_IMPLEMENTATIONS = YES;
				CLANG_WARN_DIRECT_OBJC_ISA_USAGE = YES_ERROR;
				CLANG_WARN_DOCUMENTATION_COMMENTS = YES;
				CLANG_WARN_EMPTY_BODY = YES;
				CLANG_WARN_ENUM_CONVERSION = YES;
				CLANG_WARN_INFINITE_RECURSION = YES;
				CLANG_WARN_INT_CONVERSION = YES;
				CLANG_WARN_NON_LITERAL_NULL_CONVERSION = YES;
				CLANG_WARN_OBJC_IMPLICIT_RETAIN_SELF = YES;
				CLANG_WARN_OBJC_LITERAL_CONVERSION = YES;
				CLANG_WARN_OBJC_ROOT_CLASS = YES_ERROR;
				CLANG_WARN_QUOTED_INCLUDE_IN_FRAMEWORK_HEADER = YES;
				CLANG_WARN_RANGE_LOOP_ANALYSIS = YES;
				CLANG_WARN_STRICT_PROTOTYPES = YES;
				CLANG_WARN_SUSPICIOUS_MOVE = YES;
				CLANG_WARN_UNGUARDED_AVAILABILITY = YES_AGGRESSIVE;
				CLANG_WARN_UNREACHABLE_CODE = YES;
				CLANG_WARN__DUPLICATE_METHOD_MATCH = YES;
				COPY_PHASE_STRIP = NO;
				DEBUG_INFORMATION_FORMAT = "dwarf-with-dsym";
				ENABLE_NS_ASSERTIONS = NO;
				ENABLE_STRICT_OBJC_MSGSEND = YES;
				GCC_C_LANGUAGE_STANDARD = gnu11;
				GCC_NO_COMMON_BLOCKS = YES;
				GCC_WARN_64_TO_32_BIT_CONVERSION = YES;
				GCC_WARN_ABOUT_RETURN_TYPE = YES_ERROR;
				GCC_WARN_UNDECLARED_SELECTOR = YES;
				GCC_WARN_UNINITIALIZED_AUTOS = YES_AGGRESSIVE;
				GCC_WARN_UNUSED_FUNCTION = YES;
				GCC_WARN_UNUSED_VARIABLE = YES;
				IPHONEOS_DEPLOYMENT_TARGET = 16.4;
				MTL_ENABLE_DEBUG_INFO = NO;
				MTL_FAST_MATH = YES;
				SDKROOT = iphoneos;
				SWIFT_COMPILATION_MODE = wholemodule;
				SWIFT_OPTIMIZATION_LEVEL = "-O";
				VALIDATE_PRODUCT = YES;
			};
			name = Release;
		};
		4690B73C2A96C64600C3086C /* Debug */ = {
			isa = XCBuildConfiguration;
			buildSettings = {
				ASSETCATALOG_COMPILER_APPICON_NAME = AppIcon;
				ASSETCATALOG_COMPILER_GLOBAL_ACCENT_COLOR_NAME = AccentColor;
				CODE_SIGN_STYLE = Automatic;
				CURRENT_PROJECT_VERSION = 1;
				DEVELOPMENT_TEAM = 7K76RWRQBL;
				GENERATE_INFOPLIST_FILE = YES;
				INFOPLIST_FILE = "지하철 도착 정보 앱/Info.plist";
				INFOPLIST_KEY_UIApplicationSupportsIndirectInputEvents = YES;
				INFOPLIST_KEY_UILaunchStoryboardName = LaunchScreen;
				INFOPLIST_KEY_UISupportedInterfaceOrientations_iPad = "UIInterfaceOrientationPortrait UIInterfaceOrientationPortraitUpsideDown UIInterfaceOrientationLandscapeLeft UIInterfaceOrientationLandscapeRight";
				INFOPLIST_KEY_UISupportedInterfaceOrientations_iPhone = "UIInterfaceOrientationPortrait UIInterfaceOrientationLandscapeLeft UIInterfaceOrientationLandscapeRight";
				LD_RUNPATH_SEARCH_PATHS = (
					"$(inherited)",
					"@executable_path/Frameworks",
				);
				MARKETING_VERSION = 1.0;
				PRODUCT_BUNDLE_IDENTIFIER = "com.jaeHyeonLim9298.-----------------------";
				PRODUCT_NAME = "$(TARGET_NAME)";
				SWIFT_EMIT_LOC_STRINGS = YES;
				SWIFT_VERSION = 5.0;
				TARGETED_DEVICE_FAMILY = "1,2";
			};
			name = Debug;
		};
		4690B73D2A96C64600C3086C /* Release */ = {
			isa = XCBuildConfiguration;
			buildSettings = {
				ASSETCATALOG_COMPILER_APPICON_NAME = AppIcon;
				ASSETCATALOG_COMPILER_GLOBAL_ACCENT_COLOR_NAME = AccentColor;
				CODE_SIGN_STYLE = Automatic;
				CURRENT_PROJECT_VERSION = 1;
				DEVELOPMENT_TEAM = 7K76RWRQBL;
				GENERATE_INFOPLIST_FILE = YES;
				INFOPLIST_FILE = "지하철 도착 정보 앱/Info.plist";
				INFOPLIST_KEY_UIApplicationSupportsIndirectInputEvents = YES;
				INFOPLIST_KEY_UILaunchStoryboardName = LaunchScreen;
				INFOPLIST_KEY_UISupportedInterfaceOrientations_iPad = "UIInterfaceOrientationPortrait UIInterfaceOrientationPortraitUpsideDown UIInterfaceOrientationLandscapeLeft UIInterfaceOrientationLandscapeRight";
				INFOPLIST_KEY_UISupportedInterfaceOrientations_iPhone = "UIInterfaceOrientationPortrait UIInterfaceOrientationLandscapeLeft UIInterfaceOrientationLandscapeRight";
				LD_RUNPATH_SEARCH_PATHS = (
					"$(inherited)",
					"@executable_path/Frameworks",
				);
				MARKETING_VERSION = 1.0;
				PRODUCT_BUNDLE_IDENTIFIER = "com.jaeHyeonLim9298.-----------------------";
				PRODUCT_NAME = "$(TARGET_NAME)";
				SWIFT_EMIT_LOC_STRINGS = YES;
				SWIFT_VERSION = 5.0;
				TARGETED_DEVICE_FAMILY = "1,2";
			};
			name = Release;
		};
/* End XCBuildConfiguration section */

/* Begin XCConfigurationList section */
		4690B7222A96C64400C3086C /* Build configuration list for PBXProject "지하철 도착 정보 앱" */ = {
			isa = XCConfigurationList;
			buildConfigurations = (
				4690B7392A96C64600C3086C /* Debug */,
				4690B73A2A96C64600C3086C /* Release */,
			);
			defaultConfigurationIsVisible = 0;
			defaultConfigurationName = Release;
		};
		4690B73B2A96C64600C3086C /* Build configuration list for PBXNativeTarget "지하철 도착 정보 앱" */ = {
			isa = XCConfigurationList;
			buildConfigurations = (
				4690B73C2A96C64600C3086C /* Debug */,
				4690B73D2A96C64600C3086C /* Release */,
			);
			defaultConfigurationIsVisible = 0;
			defaultConfigurationName = Release;
		};
/* End XCConfigurationList section */

/* Begin XCRemoteSwiftPackageReference section */
		4690B73E2A96D8E500C3086C /* XCRemoteSwiftPackageReference "SnapKit" */ = {
			isa = XCRemoteSwiftPackageReference;
			repositoryURL = "https://github.com/SnapKit/SnapKit.git";
			requirement = {
				kind = upToNextMajorVersion;
				minimumVersion = 5.0.0;
			};
		};
		4690B7412A96D8F400C3086C /* XCRemoteSwiftPackageReference "Alamofire" */ = {
			isa = XCRemoteSwiftPackageReference;
			repositoryURL = "https://github.com/Alamofire/Alamofire.git";
			requirement = {
				kind = upToNextMajorVersion;
				minimumVersion = 5.0.0;
			};
		};
/* End XCRemoteSwiftPackageReference section */

/* Begin XCSwiftPackageProductDependency section */
		4690B73F2A96D8E500C3086C /* SnapKit */ = {
			isa = XCSwiftPackageProductDependency;
			package = 4690B73E2A96D8E500C3086C /* XCRemoteSwiftPackageReference "SnapKit" */;
			productName = SnapKit;
		};
		4690B7422A96D8F400C3086C /* Alamofire */ = {
			isa = XCSwiftPackageProductDependency;
			package = 4690B7412A96D8F400C3086C /* XCRemoteSwiftPackageReference "Alamofire" */;
			productName = Alamofire;
		};
/* End XCSwiftPackageProductDependency section */
	};
	rootObject = 4690B71F2A96C64400C3086C /* Project object */;
}
